
Microsoft Visual Studio Solution File, Format Version 12.00
# Visual Studio Version 17
VisualStudioVersion = 17.8.34330.188
MinimumVisualStudioVersion = 10.0.40219.1
Project("{FAE04EC0-301F-11D3-BF4B-00C04F79EFBC}") = "SistemaEstacionamento", "SistemaEstacionamento\SistemaEstacionamento.csproj", "{C580DCF1-0F60-4275-BCBE-5E25AED42E05}"
EndProject
Global
	GlobalSection(SolutionConfigurationPlatforms) = preSolution
		Debug|Any CPU = Debug|Any CPU
		Release|Any CPU = Release|Any CPU
	EndGlobalSection
	GlobalSection(ProjectConfigurationPlatforms) = postSolution
		{C580DCF1-0F60-4275-BCBE-5E25AED42E05}.Debug|Any CPU.ActiveCfg = Debug|Any CPU
		{C580DCF1-0F60-4275-BCBE-5E25AED42E05}.Debug|Any CPU.Build.0 = Debug|Any CPU
		{C580DCF1-0F60-4275-BCBE-5E25AED42E05}.Release|Any CPU.ActiveCfg = Release|Any CPU
		{C580DCF1-0F60-4275-BCBE-5E25AED42E05}.Release|Any CPU.Build.0 = Release|Any CPU
	EndGlobalSection
	GlobalSection(SolutionProperties) = preSolution
		HideSolutionNode = FALSE
	EndGlobalSection
	GlobalSection(ExtensibilityGlobals) = postSolution
		SolutionGuid = {685A677C-B957-4F2E-960F-79B0617F9A48}
	EndGlobalSection
EndGlobal
